
Microsoft Visual Studio Solution File, Format Version 12.00
# Visual Studio Version 16
VisualStudioVersion = 16.0.30907.101
MinimumVisualStudioVersion = 10.0.40219.1
Project("{9A19103F-16F7-4668-BE54-9A1E7A4F7556}") = "ChukkyfuckWebsite.Template", "ChukkyfuckWebsite.Template\ChukkyfuckWebsite.Template.csproj", "{1E83CCE8-FCFD-4BEC-83CB-B1A6619CA75E}"
EndProject
Project("{9A19103F-16F7-4668-BE54-9A1E7A4F7556}") = "ChukkyfuckWebsite.Generator", "ChukkyfuckWebsite.Generator\ChukkyfuckWebsite.Generator.csproj", "{55719A90-99F1-4074-8580-E7F520F2464A}"
EndProject
Project("{E24C65DC-7377-472B-9ABA-BC803B73C61A}") = "ChukkyfuckWebsite", "ChukkyfuckWebsite\", "{E7AEA4CA-0FCB-43EE-98AE-FFF5301DAF6D}"
	ProjectSection(WebsiteProperties) = preProject
		TargetFrameworkMoniker = ".NETFramework,Version%3Dv4.0"
		ProjectReferences = ""
		Debug.AspNetCompiler.VirtualPath = "/localhost_56418"
		Debug.AspNetCompiler.PhysicalPath = "ChukkyfuckWebsite\"
		Debug.AspNetCompiler.TargetPath = "PrecompiledWeb\localhost_56418\"
		Debug.AspNetCompiler.Updateable = "true"
		Debug.AspNetCompiler.ForceOverwrite = "true"
		Debug.AspNetCompiler.FixedNames = "false"
		Debug.AspNetCompiler.Debug = "True"
		Release.AspNetCompiler.VirtualPath = "/localhost_56418"
		Release.AspNetCompiler.PhysicalPath = "ChukkyfuckWebsite\"
		Release.AspNetCompiler.TargetPath = "PrecompiledWeb\localhost_56418\"
		Release.AspNetCompiler.Updateable = "true"
		Release.AspNetCompiler.ForceOverwrite = "true"
		Release.AspNetCompiler.FixedNames = "false"
		Release.AspNetCompiler.Debug = "False"
		VWDPort = "56418"
		SlnRelativePath = "ChukkyfuckWebsite\"
	EndProjectSection
EndProject
Global
	GlobalSection(SolutionConfigurationPlatforms) = preSolution
		Debug|Any CPU = Debug|Any CPU
		Release|Any CPU = Release|Any CPU
	EndGlobalSection
	GlobalSection(ProjectConfigurationPlatforms) = postSolution
		{1E83CCE8-FCFD-4BEC-83CB-B1A6619CA75E}.Debug|Any CPU.ActiveCfg = Debug|Any CPU
		{1E83CCE8-FCFD-4BEC-83CB-B1A6619CA75E}.Debug|Any CPU.Build.0 = Debug|Any CPU
		{1E83CCE8-FCFD-4BEC-83CB-B1A6619CA75E}.Release|Any CPU.ActiveCfg = Release|Any CPU
		{1E83CCE8-FCFD-4BEC-83CB-B1A6619CA75E}.Release|Any CPU.Build.0 = Release|Any CPU
		{55719A90-99F1-4074-8580-E7F520F2464A}.Debug|Any CPU.ActiveCfg = Debug|Any CPU
		{55719A90-99F1-4074-8580-E7F520F2464A}.Debug|Any CPU.Build.0 = Debug|Any CPU
		{55719A90-99F1-4074-8580-E7F520F2464A}.Release|Any CPU.ActiveCfg = Release|Any CPU
		{55719A90-99F1-4074-8580-E7F520F2464A}.Release|Any CPU.Build.0 = Release|Any CPU
		{E7AEA4CA-0FCB-43EE-98AE-FFF5301DAF6D}.Debug|Any CPU.ActiveCfg = Debug|Any CPU
		{E7AEA4CA-0FCB-43EE-98AE-FFF5301DAF6D}.Debug|Any CPU.Build.0 = Debug|Any CPU
		{E7AEA4CA-0FCB-43EE-98AE-FFF5301DAF6D}.Release|Any CPU.ActiveCfg = Debug|Any CPU
		{E7AEA4CA-0FCB-43EE-98AE-FFF5301DAF6D}.Release|Any CPU.Build.0 = Debug|Any CPU
	EndGlobalSection
	GlobalSection(SolutionProperties) = preSolution
		HideSolutionNode = FALSE
	EndGlobalSection
	GlobalSection(ExtensibilityGlobals) = postSolution
		SolutionGuid = {275574B6-E1EC-4345-BC28-72E50F08171E}
	EndGlobalSection
EndGlobal
